
Microsoft Visual Studio Solution File, Format Version 12.00
# Visual Studio Version 16
VisualStudioVersion = 16.0.30204.135
MinimumVisualStudioVersion = 15.0.26124.0
Project("{2150E333-8FDC-42A3-9474-1A3956D46DE8}") = "src", "src", "{6D8BD300-7945-4BD8-AFA5-30EEF1466332}"
EndProject
Project("{9A19103F-16F7-4668-BE54-9A1E7A4F7556}") = "FakeXrmEasy.Core", "src\FakeXrmEasy.Core\FakeXrmEasy.Core.csproj", "{CE7EE93C-E98A-4AE7-AE84-B4FA7CEB49FE}"
EndProject
Project("{2150E333-8FDC-42A3-9474-1A3956D46DE8}") = "tests", "tests", "{AB19E6BB-17E9-4489-B6C8-A14622C147D9}"
EndProject
Project("{9A19103F-16F7-4668-BE54-9A1E7A4F7556}") = "FakeXrmEasy.Core.Tests", "tests\FakeXrmEasy.Core.Tests\FakeXrmEasy.Core.Tests.csproj", "{E7FD9BE3-5CD1-4B50-A23E-53EA1AE2EBB8}"
EndProject
Project("{2150E333-8FDC-42A3-9474-1A3956D46DE8}") = "Solution Items", "Solution Items", "{ED506DF3-19B6-420B-9172-13D54CC1A020}"
	ProjectSection(SolutionItems) = preProject
		CHANGELOG.md = CHANGELOG.md
		build.ps1 = build.ps1
	EndProjectSection
EndProject
Project("{FAE04EC0-301F-11D3-BF4B-00C04F79EFBC}") = "DataverseEntities", "tests\DataverseEntities\DataverseEntities.csproj", "{7638E014-9149-4125-860F-D478CFD36C06}"
EndProject
Project("{FAE04EC0-301F-11D3-BF4B-00C04F79EFBC}") = "FakeXrmEasy.Integration", "src\FakeXrmEasy.Integration\FakeXrmEasy.Integration.csproj", "{0924D408-0AC0-4184-BF73-8DCBE14A7D69}"
EndProject
Project("{FAE04EC0-301F-11D3-BF4B-00C04F79EFBC}") = "FakeXrmEasy.Integration.Tests", "tests\FakeXrmEasy.Integration.Tests\FakeXrmEasy.Integration.Tests.csproj", "{73CC2217-C43C-459B-8625-C130F141A645}"
EndProject
Global
	GlobalSection(SolutionConfigurationPlatforms) = preSolution
		FAKE_XRM_EASY_9|Any CPU = FAKE_XRM_EASY_9|Any CPU
		FAKE_XRM_EASY_9|x64 = FAKE_XRM_EASY_9|x64
		FAKE_XRM_EASY_9|x86 = FAKE_XRM_EASY_9|x86
		FAKE_XRM_EASY_2013|Any CPU = FAKE_XRM_EASY_2013|Any CPU
		FAKE_XRM_EASY_2013|x64 = FAKE_XRM_EASY_2013|x64
		FAKE_XRM_EASY_2013|x86 = FAKE_XRM_EASY_2013|x86
		FAKE_XRM_EASY_2015|Any CPU = FAKE_XRM_EASY_2015|Any CPU
		FAKE_XRM_EASY_2015|x64 = FAKE_XRM_EASY_2015|x64
		FAKE_XRM_EASY_2015|x86 = FAKE_XRM_EASY_2015|x86
		FAKE_XRM_EASY_2016|Any CPU = FAKE_XRM_EASY_2016|Any CPU
		FAKE_XRM_EASY_2016|x64 = FAKE_XRM_EASY_2016|x64
		FAKE_XRM_EASY_2016|x86 = FAKE_XRM_EASY_2016|x86
		FAKE_XRM_EASY_365|Any CPU = FAKE_XRM_EASY_365|Any CPU
		FAKE_XRM_EASY_365|x64 = FAKE_XRM_EASY_365|x64
		FAKE_XRM_EASY_365|x86 = FAKE_XRM_EASY_365|x86
		FAKE_XRM_EASY|Any CPU = FAKE_XRM_EASY|Any CPU
		FAKE_XRM_EASY|x64 = FAKE_XRM_EASY|x64
		FAKE_XRM_EASY|x86 = FAKE_XRM_EASY|x86
	EndGlobalSection
	GlobalSection(ProjectConfigurationPlatforms) = postSolution
		{CE7EE93C-E98A-4AE7-AE84-B4FA7CEB49FE}.FAKE_XRM_EASY_9|Any CPU.ActiveCfg = FAKE_XRM_EASY_9|Any CPU
		{CE7EE93C-E98A-4AE7-AE84-B4FA7CEB49FE}.FAKE_XRM_EASY_9|Any CPU.Build.0 = FAKE_XRM_EASY_9|Any CPU
		{CE7EE93C-E98A-4AE7-AE84-B4FA7CEB49FE}.FAKE_XRM_EASY_9|x64.ActiveCfg = FAKE_XRM_EASY_9|Any CPU
		{CE7EE93C-E98A-4AE7-AE84-B4FA7CEB49FE}.FAKE_XRM_EASY_9|x64.Build.0 = FAKE_XRM_EASY_9|Any CPU
		{CE7EE93C-E98A-4AE7-AE84-B4FA7CEB49FE}.FAKE_XRM_EASY_9|x86.ActiveCfg = FAKE_XRM_EASY_9|Any CPU
		{CE7EE93C-E98A-4AE7-AE84-B4FA7CEB49FE}.FAKE_XRM_EASY_9|x86.Build.0 = FAKE_XRM_EASY_9|Any CPU
		{CE7EE93C-E98A-4AE7-AE84-B4FA7CEB49FE}.FAKE_XRM_EASY_2013|Any CPU.ActiveCfg = FAKE_XRM_EASY_2013|Any CPU
		{CE7EE93C-E98A-4AE7-AE84-B4FA7CEB49FE}.FAKE_XRM_EASY_2013|Any CPU.Build.0 = FAKE_XRM_EASY_2013|Any CPU
		{CE7EE93C-E98A-4AE7-AE84-B4FA7CEB49FE}.FAKE_XRM_EASY_2013|x64.ActiveCfg = FAKE_XRM_EASY_2013|Any CPU
		{CE7EE93C-E98A-4AE7-AE84-B4FA7CEB49FE}.FAKE_XRM_EASY_2013|x64.Build.0 = FAKE_XRM_EASY_2013|Any CPU
		{CE7EE93C-E98A-4AE7-AE84-B4FA7CEB49FE}.FAKE_XRM_EASY_2013|x86.ActiveCfg = FAKE_XRM_EASY_2013|Any CPU
		{CE7EE93C-E98A-4AE7-AE84-B4FA7CEB49FE}.FAKE_XRM_EASY_2013|x86.Build.0 = FAKE_XRM_EASY_2013|Any CPU
		{CE7EE93C-E98A-4AE7-AE84-B4FA7CEB49FE}.FAKE_XRM_EASY_2015|Any CPU.ActiveCfg = FAKE_XRM_EASY_2015|Any CPU
		{CE7EE93C-E98A-4AE7-AE84-B4FA7CEB49FE}.FAKE_XRM_EASY_2015|Any CPU.Build.0 = FAKE_XRM_EASY_2015|Any CPU
		{CE7EE93C-E98A-4AE7-AE84-B4FA7CEB49FE}.FAKE_XRM_EASY_2015|x64.ActiveCfg = FAKE_XRM_EASY_2015|Any CPU
		{CE7EE93C-E98A-4AE7-AE84-B4FA7CEB49FE}.FAKE_XRM_EASY_2015|x64.Build.0 = FAKE_XRM_EASY_2015|Any CPU
		{CE7EE93C-E98A-4AE7-AE84-B4FA7CEB49FE}.FAKE_XRM_EASY_2015|x86.ActiveCfg = FAKE_XRM_EASY_2015|Any CPU
		{CE7EE93C-E98A-4AE7-AE84-B4FA7CEB49FE}.FAKE_XRM_EASY_2015|x86.Build.0 = FAKE_XRM_EASY_2015|Any CPU
		{CE7EE93C-E98A-4AE7-AE84-B4FA7CEB49FE}.FAKE_XRM_EASY_2016|Any CPU.ActiveCfg = FAKE_XRM_EASY_2016|Any CPU
		{CE7EE93C-E98A-4AE7-AE84-B4FA7CEB49FE}.FAKE_XRM_EASY_2016|Any CPU.Build.0 = FAKE_XRM_EASY_2016|Any CPU
		{CE7EE93C-E98A-4AE7-AE84-B4FA7CEB49FE}.FAKE_XRM_EASY_2016|x64.ActiveCfg = FAKE_XRM_EASY_2016|Any CPU
		{CE7EE93C-E98A-4AE7-AE84-B4FA7CEB49FE}.FAKE_XRM_EASY_2016|x64.Build.0 = FAKE_XRM_EASY_2016|Any CPU
		{CE7EE93C-E98A-4AE7-AE84-B4FA7CEB49FE}.FAKE_XRM_EASY_2016|x86.ActiveCfg = FAKE_XRM_EASY_2016|Any CPU
		{CE7EE93C-E98A-4AE7-AE84-B4FA7CEB49FE}.FAKE_XRM_EASY_2016|x86.Build.0 = FAKE_XRM_EASY_2016|Any CPU
		{CE7EE93C-E98A-4AE7-AE84-B4FA7CEB49FE}.FAKE_XRM_EASY_365|Any CPU.ActiveCfg = FAKE_XRM_EASY_365|Any CPU
		{CE7EE93C-E98A-4AE7-AE84-B4FA7CEB49FE}.FAKE_XRM_EASY_365|Any CPU.Build.0 = FAKE_XRM_EASY_365|Any CPU
		{CE7EE93C-E98A-4AE7-AE84-B4FA7CEB49FE}.FAKE_XRM_EASY_365|x64.ActiveCfg = FAKE_XRM_EASY_365|Any CPU
		{CE7EE93C-E98A-4AE7-AE84-B4FA7CEB49FE}.FAKE_XRM_EASY_365|x64.Build.0 = FAKE_XRM_EASY_365|Any CPU
		{CE7EE93C-E98A-4AE7-AE84-B4FA7CEB49FE}.FAKE_XRM_EASY_365|x86.ActiveCfg = FAKE_XRM_EASY_365|Any CPU
		{CE7EE93C-E98A-4AE7-AE84-B4FA7CEB49FE}.FAKE_XRM_EASY_365|x86.Build.0 = FAKE_XRM_EASY_365|Any CPU
		{CE7EE93C-E98A-4AE7-AE84-B4FA7CEB49FE}.FAKE_XRM_EASY|Any CPU.ActiveCfg = FAKE_XRM_EASY|Any CPU
		{CE7EE93C-E98A-4AE7-AE84-B4FA7CEB49FE}.FAKE_XRM_EASY|Any CPU.Build.0 = FAKE_XRM_EASY|Any CPU
		{CE7EE93C-E98A-4AE7-AE84-B4FA7CEB49FE}.FAKE_XRM_EASY|x64.ActiveCfg = FAKE_XRM_EASY|Any CPU
		{CE7EE93C-E98A-4AE7-AE84-B4FA7CEB49FE}.FAKE_XRM_EASY|x64.Build.0 = FAKE_XRM_EASY|Any CPU
		{CE7EE93C-E98A-4AE7-AE84-B4FA7CEB49FE}.FAKE_XRM_EASY|x86.ActiveCfg = FAKE_XRM_EASY|Any CPU
		{CE7EE93C-E98A-4AE7-AE84-B4FA7CEB49FE}.FAKE_XRM_EASY|x86.Build.0 = FAKE_XRM_EASY|Any CPU
		{E7FD9BE3-5CD1-4B50-A23E-53EA1AE2EBB8}.FAKE_XRM_EASY_2013|Any CPU.ActiveCfg = FAKE_XRM_EASY_2013|Any CPU
		{E7FD9BE3-5CD1-4B50-A23E-53EA1AE2EBB8}.FAKE_XRM_EASY_2013|Any CPU.Build.0 = FAKE_XRM_EASY_2013|Any CPU
		{E7FD9BE3-5CD1-4B50-A23E-53EA1AE2EBB8}.FAKE_XRM_EASY_2013|x64.ActiveCfg = FAKE_XRM_EASY_2013|Any CPU
		{E7FD9BE3-5CD1-4B50-A23E-53EA1AE2EBB8}.FAKE_XRM_EASY_2013|x64.Build.0 = FAKE_XRM_EASY_2013|Any CPU
		{E7FD9BE3-5CD1-4B50-A23E-53EA1AE2EBB8}.FAKE_XRM_EASY_2013|x86.ActiveCfg = FAKE_XRM_EASY_2013|Any CPU
		{E7FD9BE3-5CD1-4B50-A23E-53EA1AE2EBB8}.FAKE_XRM_EASY_2013|x86.Build.0 = FAKE_XRM_EASY_2013|Any CPU
		{E7FD9BE3-5CD1-4B50-A23E-53EA1AE2EBB8}.FAKE_XRM_EASY_2015|Any CPU.ActiveCfg = FAKE_XRM_EASY_2015|Any CPU
		{E7FD9BE3-5CD1-4B50-A23E-53EA1AE2EBB8}.FAKE_XRM_EASY_2015|Any CPU.Build.0 = FAKE_XRM_EASY_2015|Any CPU
		{E7FD9BE3-5CD1-4B50-A23E-53EA1AE2EBB8}.FAKE_XRM_EASY_2015|x64.ActiveCfg = FAKE_XRM_EASY_2015|Any CPU
		{E7FD9BE3-5CD1-4B50-A23E-53EA1AE2EBB8}.FAKE_XRM_EASY_2015|x64.Build.0 = FAKE_XRM_EASY_2015|Any CPU
		{E7FD9BE3-5CD1-4B50-A23E-53EA1AE2EBB8}.FAKE_XRM_EASY_2015|x86.ActiveCfg = FAKE_XRM_EASY_2015|Any CPU
		{E7FD9BE3-5CD1-4B50-A23E-53EA1AE2EBB8}.FAKE_XRM_EASY_2015|x86.Build.0 = FAKE_XRM_EASY_2015|Any CPU
		{E7FD9BE3-5CD1-4B50-A23E-53EA1AE2EBB8}.FAKE_XRM_EASY_2016|Any CPU.ActiveCfg = FAKE_XRM_EASY_2016|Any CPU
		{E7FD9BE3-5CD1-4B50-A23E-53EA1AE2EBB8}.FAKE_XRM_EASY_2016|Any CPU.Build.0 = FAKE_XRM_EASY_2016|Any CPU
		{E7FD9BE3-5CD1-4B50-A23E-53EA1AE2EBB8}.FAKE_XRM_EASY_2016|x64.ActiveCfg = FAKE_XRM_EASY_2016|Any CPU
		{E7FD9BE3-5CD1-4B50-A23E-53EA1AE2EBB8}.FAKE_XRM_EASY_2016|x64.Build.0 = FAKE_XRM_EASY_2016|Any CPU
		{E7FD9BE3-5CD1-4B50-A23E-53EA1AE2EBB8}.FAKE_XRM_EASY_2016|x86.ActiveCfg = FAKE_XRM_EASY_2016|Any CPU
		{E7FD9BE3-5CD1-4B50-A23E-53EA1AE2EBB8}.FAKE_XRM_EASY_2016|x86.Build.0 = FAKE_XRM_EASY_2016|Any CPU
		{E7FD9BE3-5CD1-4B50-A23E-53EA1AE2EBB8}.FAKE_XRM_EASY_365|Any CPU.ActiveCfg = FAKE_XRM_EASY_365|Any CPU
		{E7FD9BE3-5CD1-4B50-A23E-53EA1AE2EBB8}.FAKE_XRM_EASY_365|Any CPU.Build.0 = FAKE_XRM_EASY_365|Any CPU
		{E7FD9BE3-5CD1-4B50-A23E-53EA1AE2EBB8}.FAKE_XRM_EASY_365|x64.ActiveCfg = FAKE_XRM_EASY_365|Any CPU
		{E7FD9BE3-5CD1-4B50-A23E-53EA1AE2EBB8}.FAKE_XRM_EASY_365|x64.Build.0 = FAKE_XRM_EASY_365|Any CPU
		{E7FD9BE3-5CD1-4B50-A23E-53EA1AE2EBB8}.FAKE_XRM_EASY_365|x86.ActiveCfg = FAKE_XRM_EASY_365|Any CPU
		{E7FD9BE3-5CD1-4B50-A23E-53EA1AE2EBB8}.FAKE_XRM_EASY_365|x86.Build.0 = FAKE_XRM_EASY_365|Any CPU
		{E7FD9BE3-5CD1-4B50-A23E-53EA1AE2EBB8}.FAKE_XRM_EASY_9|Any CPU.ActiveCfg = FAKE_XRM_EASY_9|Any CPU
		{E7FD9BE3-5CD1-4B50-A23E-53EA1AE2EBB8}.FAKE_XRM_EASY_9|Any CPU.Build.0 = FAKE_XRM_EASY_9|Any CPU
		{E7FD9BE3-5CD1-4B50-A23E-53EA1AE2EBB8}.FAKE_XRM_EASY_9|x64.ActiveCfg = FAKE_XRM_EASY_9|Any CPU
		{E7FD9BE3-5CD1-4B50-A23E-53EA1AE2EBB8}.FAKE_XRM_EASY_9|x64.Build.0 = FAKE_XRM_EASY_9|Any CPU
		{E7FD9BE3-5CD1-4B50-A23E-53EA1AE2EBB8}.FAKE_XRM_EASY_9|x86.ActiveCfg = FAKE_XRM_EASY_9|Any CPU
		{E7FD9BE3-5CD1-4B50-A23E-53EA1AE2EBB8}.FAKE_XRM_EASY_9|x86.Build.0 = FAKE_XRM_EASY_9|Any CPU
		{E7FD9BE3-5CD1-4B50-A23E-53EA1AE2EBB8}.FAKE_XRM_EASY|Any CPU.ActiveCfg = FAKE_XRM_EASY|Any CPU
		{E7FD9BE3-5CD1-4B50-A23E-53EA1AE2EBB8}.FAKE_XRM_EASY|Any CPU.Build.0 = FAKE_XRM_EASY|Any CPU
		{E7FD9BE3-5CD1-4B50-A23E-53EA1AE2EBB8}.FAKE_XRM_EASY|x64.ActiveCfg = FAKE_XRM_EASY|Any CPU
		{E7FD9BE3-5CD1-4B50-A23E-53EA1AE2EBB8}.FAKE_XRM_EASY|x64.Build.0 = FAKE_XRM_EASY|Any CPU
		{E7FD9BE3-5CD1-4B50-A23E-53EA1AE2EBB8}.FAKE_XRM_EASY|x86.ActiveCfg = FAKE_XRM_EASY|Any CPU
		{E7FD9BE3-5CD1-4B50-A23E-53EA1AE2EBB8}.FAKE_XRM_EASY|x86.Build.0 = FAKE_XRM_EASY|Any CPU
		{7638E014-9149-4125-860F-D478CFD36C06}.FAKE_XRM_EASY_9|Any CPU.ActiveCfg = FAKE_XRM_EASY_9|Any CPU
		{7638E014-9149-4125-860F-D478CFD36C06}.FAKE_XRM_EASY_9|Any CPU.Build.0 = FAKE_XRM_EASY_9|Any CPU
		{7638E014-9149-4125-860F-D478CFD36C06}.FAKE_XRM_EASY|Any CPU.ActiveCfg = FAKE_XRM_EASY|Any CPU
		{7638E014-9149-4125-860F-D478CFD36C06}.FAKE_XRM_EASY|Any CPU.Build.0 = FAKE_XRM_EASY|Any CPU
		{7638E014-9149-4125-860F-D478CFD36C06}.FAKE_XRM_EASY|x64.ActiveCfg = FAKE_XRM_EASY|Any CPU
		{7638E014-9149-4125-860F-D478CFD36C06}.FAKE_XRM_EASY|x64.Build.0 = FAKE_XRM_EASY|Any CPU
		{7638E014-9149-4125-860F-D478CFD36C06}.FAKE_XRM_EASY|x86.ActiveCfg = FAKE_XRM_EASY|Any CPU
		{7638E014-9149-4125-860F-D478CFD36C06}.FAKE_XRM_EASY|x86.Build.0 = FAKE_XRM_EASY|Any CPU
		{7638E014-9149-4125-860F-D478CFD36C06}.FAKE_XRM_EASY_2013|Any CPU.ActiveCfg = FAKE_XRM_EASY_2013|Any CPU
		{7638E014-9149-4125-860F-D478CFD36C06}.FAKE_XRM_EASY_2013|Any CPU.Build.0 = FAKE_XRM_EASY_2013|Any CPU
		{7638E014-9149-4125-860F-D478CFD36C06}.FAKE_XRM_EASY_2013|x64.ActiveCfg = FAKE_XRM_EASY_2013|Any CPU
		{7638E014-9149-4125-860F-D478CFD36C06}.FAKE_XRM_EASY_2013|x64.Build.0 = FAKE_XRM_EASY_2013|Any CPU
		{7638E014-9149-4125-860F-D478CFD36C06}.FAKE_XRM_EASY_2013|x86.ActiveCfg = FAKE_XRM_EASY_2013|Any CPU
		{7638E014-9149-4125-860F-D478CFD36C06}.FAKE_XRM_EASY_2013|x86.Build.0 = FAKE_XRM_EASY_2013|Any CPU
		{7638E014-9149-4125-860F-D478CFD36C06}.FAKE_XRM_EASY_2015|Any CPU.ActiveCfg = FAKE_XRM_EASY_2015|Any CPU
		{7638E014-9149-4125-860F-D478CFD36C06}.FAKE_XRM_EASY_2015|Any CPU.Build.0 = FAKE_XRM_EASY_2015|Any CPU
		{7638E014-9149-4125-860F-D478CFD36C06}.FAKE_XRM_EASY_2015|x64.ActiveCfg = FAKE_XRM_EASY_2015|Any CPU
		{7638E014-9149-4125-860F-D478CFD36C06}.FAKE_XRM_EASY_2015|x64.Build.0 = FAKE_XRM_EASY_2015|Any CPU
		{7638E014-9149-4125-860F-D478CFD36C06}.FAKE_XRM_EASY_2015|x86.ActiveCfg = FAKE_XRM_EASY_2015|Any CPU
		{7638E014-9149-4125-860F-D478CFD36C06}.FAKE_XRM_EASY_2015|x86.Build.0 = FAKE_XRM_EASY_2015|Any CPU
		{7638E014-9149-4125-860F-D478CFD36C06}.FAKE_XRM_EASY_2016|Any CPU.ActiveCfg = FAKE_XRM_EASY_2016|Any CPU
		{7638E014-9149-4125-860F-D478CFD36C06}.FAKE_XRM_EASY_2016|Any CPU.Build.0 = FAKE_XRM_EASY_2016|Any CPU
		{7638E014-9149-4125-860F-D478CFD36C06}.FAKE_XRM_EASY_2016|x64.ActiveCfg = FAKE_XRM_EASY_2016|Any CPU
		{7638E014-9149-4125-860F-D478CFD36C06}.FAKE_XRM_EASY_2016|x64.Build.0 = FAKE_XRM_EASY_2016|Any CPU
		{7638E014-9149-4125-860F-D478CFD36C06}.FAKE_XRM_EASY_2016|x86.ActiveCfg = FAKE_XRM_EASY_2016|Any CPU
		{7638E014-9149-4125-860F-D478CFD36C06}.FAKE_XRM_EASY_2016|x86.Build.0 = FAKE_XRM_EASY_2016|Any CPU
		{7638E014-9149-4125-860F-D478CFD36C06}.FAKE_XRM_EASY_365|Any CPU.ActiveCfg = FAKE_XRM_EASY_365|Any CPU
		{7638E014-9149-4125-860F-D478CFD36C06}.FAKE_XRM_EASY_365|Any CPU.Build.0 = FAKE_XRM_EASY_365|Any CPU
		{7638E014-9149-4125-860F-D478CFD36C06}.FAKE_XRM_EASY_365|x64.ActiveCfg = FAKE_XRM_EASY_365|Any CPU
		{7638E014-9149-4125-860F-D478CFD36C06}.FAKE_XRM_EASY_365|x64.Build.0 = FAKE_XRM_EASY_365|Any CPU
		{7638E014-9149-4125-860F-D478CFD36C06}.FAKE_XRM_EASY_365|x86.ActiveCfg = FAKE_XRM_EASY_365|Any CPU
		{7638E014-9149-4125-860F-D478CFD36C06}.FAKE_XRM_EASY_365|x86.Build.0 = FAKE_XRM_EASY_365|Any CPU
		{7638E014-9149-4125-860F-D478CFD36C06}.FAKE_XRM_EASY_9|x64.ActiveCfg = FAKE_XRM_EASY_9|Any CPU
		{7638E014-9149-4125-860F-D478CFD36C06}.FAKE_XRM_EASY_9|x64.Build.0 = FAKE_XRM_EASY_9|Any CPU
		{7638E014-9149-4125-860F-D478CFD36C06}.FAKE_XRM_EASY_9|x86.ActiveCfg = FAKE_XRM_EASY_9|Any CPU
		{7638E014-9149-4125-860F-D478CFD36C06}.FAKE_XRM_EASY_9|x86.Build.0 = FAKE_XRM_EASY_9|Any CPU
	EndGlobalSection
	GlobalSection(SolutionProperties) = preSolution
		HideSolutionNode = FALSE
	EndGlobalSection
	GlobalSection(NestedProjects) = preSolution
		{CE7EE93C-E98A-4AE7-AE84-B4FA7CEB49FE} = {6D8BD300-7945-4BD8-AFA5-30EEF1466332}
		{E7FD9BE3-5CD1-4B50-A23E-53EA1AE2EBB8} = {AB19E6BB-17E9-4489-B6C8-A14622C147D9}
		{7638E014-9149-4125-860F-D478CFD36C06} = {AB19E6BB-17E9-4489-B6C8-A14622C147D9}
		{0924D408-0AC0-4184-BF73-8DCBE14A7D69} = {6D8BD300-7945-4BD8-AFA5-30EEF1466332}
		{73CC2217-C43C-459B-8625-C130F141A645} = {AB19E6BB-17E9-4489-B6C8-A14622C147D9}
	EndGlobalSection
	GlobalSection(ExtensibilityGlobals) = postSolution
		SolutionGuid = {9E98B2F2-E752-4716-ABC6-BE9440866543}
	EndGlobalSection
EndGlobal
